
Microsoft Visual Studio Solution File, Format Version 12.00
# Visual Studio Version 17
VisualStudioVersion = 17.6.33815.320
MinimumVisualStudioVersion = 10.0.40219.1
Project("{FAE04EC0-301F-11D3-BF4B-00C04F79EFBC}") = "eTickets", "eTickets\eTickets.csproj", "{1319D165-1252-4D1B-B9ED-BCDC6AA5CDE1}"
EndProject
Global
	GlobalSection(SolutionConfigurationPlatforms) = preSolution
		Debug|Any CPU = Debug|Any CPU
		Release|Any CPU = Release|Any CPU
	EndGlobalSection
	GlobalSection(ProjectConfigurationPlatforms) = postSolution
		{1319D165-1252-4D1B-B9ED-BCDC6AA5CDE1}.Debug|Any CPU.ActiveCfg = Debug|Any CPU
		{1319D165-1252-4D1B-B9ED-BCDC6AA5CDE1}.Debug|Any CPU.Build.0 = Debug|Any CPU
		{1319D165-1252-4D1B-B9ED-BCDC6AA5CDE1}.Release|Any CPU.ActiveCfg = Release|Any CPU
		{1319D165-1252-4D1B-B9ED-BCDC6AA5CDE1}.Release|Any CPU.Build.0 = Release|Any CPU
	EndGlobalSection
	GlobalSection(SolutionProperties) = preSolution
		HideSolutionNode = FALSE
	EndGlobalSection
	GlobalSection(ExtensibilityGlobals) = postSolution
		SolutionGuid = {4FC6442A-BDD1-4511-ADD7-5AAFAE70D7A8}
	EndGlobalSection
EndGlobal
